
Microsoft Visual Studio Solution File, Format Version 12.00
# Visual Studio Version 16
VisualStudioVersion = 16.0.29609.76
MinimumVisualStudioVersion = 10.0.40219.1
Project("{FAE04EC0-301F-11D3-BF4B-00C04F79EFBC}") = "TheMonitaur.Lib", "TheMonitaur.Lib\TheMonitaur.Lib\TheMonitaur.Lib.csproj", "{ED6BF1CA-0F3A-459D-B8B4-1ED675D6F30A}"
EndProject
Global
	GlobalSection(SolutionConfigurationPlatforms) = preSolution
		Debug|Any CPU = Debug|Any CPU
		Release|Any CPU = Release|Any CPU
	EndGlobalSection
	GlobalSection(ProjectConfigurationPlatforms) = postSolution
		{ED6BF1CA-0F3A-459D-B8B4-1ED675D6F30A}.Debug|Any CPU.ActiveCfg = Debug|Any CPU
		{ED6BF1CA-0F3A-459D-B8B4-1ED675D6F30A}.Debug|Any CPU.Build.0 = Debug|Any CPU
		{ED6BF1CA-0F3A-459D-B8B4-1ED675D6F30A}.Release|Any CPU.ActiveCfg = Release|Any CPU
		{ED6BF1CA-0F3A-459D-B8B4-1ED675D6F30A}.Release|Any CPU.Build.0 = Release|Any CPU
	EndGlobalSection
	GlobalSection(SolutionProperties) = preSolution
		HideSolutionNode = FALSE
	EndGlobalSection
	GlobalSection(ExtensibilityGlobals) = postSolution
		SolutionGuid = {BF1917F4-0E4D-446C-BC60-BB2F0B73B84F}
	EndGlobalSection
EndGlobal
