
Microsoft Visual Studio Solution File, Format Version 12.00
# Visual Studio Version 17
VisualStudioVersion = 17.0.32014.148
MinimumVisualStudioVersion = 10.0.40219.1
Project("{9A19103F-16F7-4668-BE54-9A1E7A4F7556}") = "TheMonitaur.Lib", "TheMonitaur.Lib\TheMonitaur.Lib.csproj", "{80DAB173-AFE4-41B1-8DFE-B44DD37892ED}"
EndProject
Project("{9A19103F-16F7-4668-BE54-9A1E7A4F7556}") = "TheMonitaur.WebAPI", "TheMonitaur.WebAPI\TheMonitaur.WebAPI.csproj", "{58E5FF4F-4662-4DC8-8B73-80A420300A3C}"
EndProject
Project("{9A19103F-16F7-4668-BE54-9A1E7A4F7556}") = "TheMonitaur.WebSocket", "TheMonitaur.WebSocket\TheMonitaur.WebSocket.csproj", "{CEE126B6-63B7-436E-9F39-1F72A27E0A9F}"
EndProject
Project("{2150E333-8FDC-42A3-9474-1A3956D46DE8}") = "Tests", "Tests", "{52CE058D-B93B-4418-A812-8C93AFDADB0B}"
EndProject
Project("{9A19103F-16F7-4668-BE54-9A1E7A4F7556}") = "TheMonitaur.TcpClient.Test", "Tests\TheMonitaur.TcpClient.Test\TheMonitaur.TcpClient.Test.csproj", "{94579EBD-D4E4-4705-B94C-EDAEA0D8F9FA}"
EndProject
Project("{9A19103F-16F7-4668-BE54-9A1E7A4F7556}") = "TheMonitaur.TcpClient.Test.SSL", "Tests\TheMonitaur.TcpClient.Test.SSL\TheMonitaur.TcpClient.Test.SSL.csproj", "{63093454-BF56-4243-A5A4-0438BA1A8F5D}"
EndProject
Project("{9A19103F-16F7-4668-BE54-9A1E7A4F7556}") = "TheMonitaur.WebAPI.Test", "Tests\TheMonitaur.WebAPIClient.Test\TheMonitaur.WebAPI.Test.csproj", "{0D3C339F-7BC7-4C18-9BA7-087E50F5F78E}"
EndProject
Project("{9A19103F-16F7-4668-BE54-9A1E7A4F7556}") = "TheMonitaur.WSClient.Test", "Tests\TheMonitaur.WSClient.Test\TheMonitaur.WSClient.Test.csproj", "{81EE8FBE-8C85-40D9-9157-45CAA37747D6}"
	ProjectSection(ProjectDependencies) = postProject
		{E3DE0045-6BDB-4476-BCA5-D370C14A3F88} = {E3DE0045-6BDB-4476-BCA5-D370C14A3F88}
		{58E5FF4F-4662-4DC8-8B73-80A420300A3C} = {58E5FF4F-4662-4DC8-8B73-80A420300A3C}
		{63093454-BF56-4243-A5A4-0438BA1A8F5D} = {63093454-BF56-4243-A5A4-0438BA1A8F5D}
		{80DAB173-AFE4-41B1-8DFE-B44DD37892ED} = {80DAB173-AFE4-41B1-8DFE-B44DD37892ED}
		{0D3C339F-7BC7-4C18-9BA7-087E50F5F78E} = {0D3C339F-7BC7-4C18-9BA7-087E50F5F78E}
		{CEE126B6-63B7-436E-9F39-1F72A27E0A9F} = {CEE126B6-63B7-436E-9F39-1F72A27E0A9F}
		{94579EBD-D4E4-4705-B94C-EDAEA0D8F9FA} = {94579EBD-D4E4-4705-B94C-EDAEA0D8F9FA}
		{C814DED1-A0FB-4518-BB95-AA6998E3E857} = {C814DED1-A0FB-4518-BB95-AA6998E3E857}
	EndProjectSection
EndProject
Project("{9A19103F-16F7-4668-BE54-9A1E7A4F7556}") = "TheMonitaur.WSClient.Test.SSL", "Tests\TheMonitaur.WSClient.Test.SSL\TheMonitaur.WSClient.Test.SSL.csproj", "{C814DED1-A0FB-4518-BB95-AA6998E3E857}"
EndProject
Project("{9A19103F-16F7-4668-BE54-9A1E7A4F7556}") = "TheMonitaur.Tcp", "TheMonitaur.Tcp\TheMonitaur.Tcp.csproj", "{E3DE0045-6BDB-4476-BCA5-D370C14A3F88}"
EndProject
Project("{9A19103F-16F7-4668-BE54-9A1E7A4F7556}") = "TheMonitaur", "TheMonitaur\TheMonitaur.csproj", "{0D87C6A4-CE64-4394-8C2E-C2DF2BE3FA3F}"
EndProject
Project("{2150E333-8FDC-42A3-9474-1A3956D46DE8}") = "Tcp.NET", "Tcp.NET", "{5EAAE068-1BCD-4B27-8608-CDFC17A7958F}"
EndProject
Project("{9A19103F-16F7-4668-BE54-9A1E7A4F7556}") = "Tcp.NET", "Resources\Tcp.NET\Tcp.NET\Tcp.NET.csproj", "{C5F6BCE5-C8B0-4AC1-9FAE-DA10A641D023}"
EndProject
Project("{9A19103F-16F7-4668-BE54-9A1E7A4F7556}") = "Tcp.NET.Client", "Resources\Tcp.NET\Tcp.NET.Client\Tcp.NET.Client.csproj", "{C55AD970-9BD8-49CF-9596-1055960955F4}"
EndProject
Project("{9A19103F-16F7-4668-BE54-9A1E7A4F7556}") = "Tcp.NET.Core", "Resources\Tcp.NET\Tcp.NET.Core\Tcp.NET.Core.csproj", "{5BCFB5C4-E1A5-447C-BFE8-3FCE0437329B}"
EndProject
Project("{9A19103F-16F7-4668-BE54-9A1E7A4F7556}") = "Tcp.NET.Server", "Resources\Tcp.NET\Tcp.NET.Server\Tcp.NET.Server.csproj", "{D0CCAA00-96B4-460D-8EA9-1FDF8303F9A7}"
EndProject
Project("{9A19103F-16F7-4668-BE54-9A1E7A4F7556}") = "PHS.Core", "Resources\Tcp.NET\Resources\PHS\PHS.Core\PHS.Core.csproj", "{C3D8CA23-6B6E-4FB8-A55A-EBC8F682872C}"
EndProject
Project("{9A19103F-16F7-4668-BE54-9A1E7A4F7556}") = "PHS.Networking", "Resources\Tcp.NET\Resources\PHS\PHS.Networking\PHS.Networking.csproj", "{4A9A5517-ED7B-4B95-B7F5-2705D733B5B5}"
EndProject
Project("{9A19103F-16F7-4668-BE54-9A1E7A4F7556}") = "PHS.Networking.Server", "Resources\Tcp.NET\Resources\PHS\PHS.Networking.Server\PHS.Networking.Server.csproj", "{9C93D885-FFB0-4D26-9113-8A66A7BBE7C1}"
EndProject
Project("{2150E333-8FDC-42A3-9474-1A3956D46DE8}") = "Resources", "Resources", "{269C4561-D120-4A14-985C-B2A7D2CB9620}"
EndProject
Project("{9A19103F-16F7-4668-BE54-9A1E7A4F7556}") = "WebsocketsSimple.Core", "Resources\WebsocketsSimple\WebsocketsSimple.Core\WebsocketsSimple.Core.csproj", "{FA76211F-7C57-4C62-8DA0-D41AD783340B}"
EndProject
Project("{2150E333-8FDC-42A3-9474-1A3956D46DE8}") = "WebsocketsSimple", "WebsocketsSimple", "{19B6D92B-087B-4DA6-9C28-07B331004F85}"
EndProject
Project("{9A19103F-16F7-4668-BE54-9A1E7A4F7556}") = "WebsocketsSimple.Server", "Resources\WebsocketsSimple\WebsocketsSimple.Server\WebsocketsSimple.Server.csproj", "{7E745794-834F-4C76-8E87-AE4941AB2162}"
EndProject
Project("{9A19103F-16F7-4668-BE54-9A1E7A4F7556}") = "WebsocketsSimple.Client", "Resources\WebsocketsSimple\WebsocketsSimple.Client\WebsocketsSimple.Client.csproj", "{F4353FCC-20B9-4F95-8DE0-26546D271903}"
EndProject
Project("{9A19103F-16F7-4668-BE54-9A1E7A4F7556}") = "WebsocketsSimple", "Resources\WebsocketsSimple\WebsocketsSimple\WebsocketsSimple.csproj", "{BE0DD3D3-9604-4F2E-9E80-757BBF459CEB}"
EndProject
Project("{9A19103F-16F7-4668-BE54-9A1E7A4F7556}") = "PHS.Core", "Resources\WebsocketsSimple\Resources\PHS\PHS.Core\PHS.Core.csproj", "{B9362545-79ED-4AFE-90BB-CC699421C66B}"
EndProject
Project("{9A19103F-16F7-4668-BE54-9A1E7A4F7556}") = "PHS.Networking", "Resources\WebsocketsSimple\Resources\PHS\PHS.Networking\PHS.Networking.csproj", "{2EEF5CE8-8F4F-4F50-87C4-4A4D68535C04}"
EndProject
Project("{9A19103F-16F7-4668-BE54-9A1E7A4F7556}") = "PHS.Networking.Server", "Resources\WebsocketsSimple\Resources\PHS\PHS.Networking.Server\PHS.Networking.Server.csproj", "{1AA90C87-20B3-43B2-B6FB-0CCD9B71D5F5}"
EndProject
Global
	GlobalSection(SolutionConfigurationPlatforms) = preSolution
		Debug|Any CPU = Debug|Any CPU
		Release|Any CPU = Release|Any CPU
	EndGlobalSection
	GlobalSection(ProjectConfigurationPlatforms) = postSolution
		{80DAB173-AFE4-41B1-8DFE-B44DD37892ED}.Debug|Any CPU.ActiveCfg = Debug|Any CPU
		{80DAB173-AFE4-41B1-8DFE-B44DD37892ED}.Debug|Any CPU.Build.0 = Debug|Any CPU
		{80DAB173-AFE4-41B1-8DFE-B44DD37892ED}.Release|Any CPU.ActiveCfg = Release|Any CPU
		{80DAB173-AFE4-41B1-8DFE-B44DD37892ED}.Release|Any CPU.Build.0 = Release|Any CPU
		{58E5FF4F-4662-4DC8-8B73-80A420300A3C}.Debug|Any CPU.ActiveCfg = Debug|Any CPU
		{58E5FF4F-4662-4DC8-8B73-80A420300A3C}.Debug|Any CPU.Build.0 = Debug|Any CPU
		{58E5FF4F-4662-4DC8-8B73-80A420300A3C}.Release|Any CPU.ActiveCfg = Release|Any CPU
		{58E5FF4F-4662-4DC8-8B73-80A420300A3C}.Release|Any CPU.Build.0 = Release|Any CPU
		{CEE126B6-63B7-436E-9F39-1F72A27E0A9F}.Debug|Any CPU.ActiveCfg = Debug|Any CPU
		{CEE126B6-63B7-436E-9F39-1F72A27E0A9F}.Debug|Any CPU.Build.0 = Debug|Any CPU
		{CEE126B6-63B7-436E-9F39-1F72A27E0A9F}.Release|Any CPU.ActiveCfg = Release|Any CPU
		{CEE126B6-63B7-436E-9F39-1F72A27E0A9F}.Release|Any CPU.Build.0 = Release|Any CPU
		{94579EBD-D4E4-4705-B94C-EDAEA0D8F9FA}.Debug|Any CPU.ActiveCfg = Debug|Any CPU
		{94579EBD-D4E4-4705-B94C-EDAEA0D8F9FA}.Debug|Any CPU.Build.0 = Debug|Any CPU
		{94579EBD-D4E4-4705-B94C-EDAEA0D8F9FA}.Release|Any CPU.ActiveCfg = Release|Any CPU
		{94579EBD-D4E4-4705-B94C-EDAEA0D8F9FA}.Release|Any CPU.Build.0 = Release|Any CPU
		{63093454-BF56-4243-A5A4-0438BA1A8F5D}.Debug|Any CPU.ActiveCfg = Debug|Any CPU
		{63093454-BF56-4243-A5A4-0438BA1A8F5D}.Debug|Any CPU.Build.0 = Debug|Any CPU
		{63093454-BF56-4243-A5A4-0438BA1A8F5D}.Release|Any CPU.ActiveCfg = Release|Any CPU
		{63093454-BF56-4243-A5A4-0438BA1A8F5D}.Release|Any CPU.Build.0 = Release|Any CPU
		{0D3C339F-7BC7-4C18-9BA7-087E50F5F78E}.Debug|Any CPU.ActiveCfg = Debug|Any CPU
		{0D3C339F-7BC7-4C18-9BA7-087E50F5F78E}.Debug|Any CPU.Build.0 = Debug|Any CPU
		{0D3C339F-7BC7-4C18-9BA7-087E50F5F78E}.Release|Any CPU.ActiveCfg = Release|Any CPU
		{0D3C339F-7BC7-4C18-9BA7-087E50F5F78E}.Release|Any CPU.Build.0 = Release|Any CPU
		{81EE8FBE-8C85-40D9-9157-45CAA37747D6}.Debug|Any CPU.ActiveCfg = Debug|Any CPU
		{81EE8FBE-8C85-40D9-9157-45CAA37747D6}.Debug|Any CPU.Build.0 = Debug|Any CPU
		{81EE8FBE-8C85-40D9-9157-45CAA37747D6}.Release|Any CPU.ActiveCfg = Release|Any CPU
		{81EE8FBE-8C85-40D9-9157-45CAA37747D6}.Release|Any CPU.Build.0 = Release|Any CPU
		{C814DED1-A0FB-4518-BB95-AA6998E3E857}.Debug|Any CPU.ActiveCfg = Debug|Any CPU
		{C814DED1-A0FB-4518-BB95-AA6998E3E857}.Debug|Any CPU.Build.0 = Debug|Any CPU
		{C814DED1-A0FB-4518-BB95-AA6998E3E857}.Release|Any CPU.ActiveCfg = Release|Any CPU
		{C814DED1-A0FB-4518-BB95-AA6998E3E857}.Release|Any CPU.Build.0 = Release|Any CPU
		{E3DE0045-6BDB-4476-BCA5-D370C14A3F88}.Debug|Any CPU.ActiveCfg = Debug|Any CPU
		{E3DE0045-6BDB-4476-BCA5-D370C14A3F88}.Debug|Any CPU.Build.0 = Debug|Any CPU
		{E3DE0045-6BDB-4476-BCA5-D370C14A3F88}.Release|Any CPU.ActiveCfg = Release|Any CPU
		{E3DE0045-6BDB-4476-BCA5-D370C14A3F88}.Release|Any CPU.Build.0 = Release|Any CPU
		{0D87C6A4-CE64-4394-8C2E-C2DF2BE3FA3F}.Debug|Any CPU.ActiveCfg = Debug|Any CPU
		{0D87C6A4-CE64-4394-8C2E-C2DF2BE3FA3F}.Debug|Any CPU.Build.0 = Debug|Any CPU
		{0D87C6A4-CE64-4394-8C2E-C2DF2BE3FA3F}.Release|Any CPU.ActiveCfg = Release|Any CPU
		{0D87C6A4-CE64-4394-8C2E-C2DF2BE3FA3F}.Release|Any CPU.Build.0 = Release|Any CPU
		{C5F6BCE5-C8B0-4AC1-9FAE-DA10A641D023}.Debug|Any CPU.ActiveCfg = Debug|Any CPU
		{C5F6BCE5-C8B0-4AC1-9FAE-DA10A641D023}.Debug|Any CPU.Build.0 = Debug|Any CPU
		{C5F6BCE5-C8B0-4AC1-9FAE-DA10A641D023}.Release|Any CPU.ActiveCfg = Release|Any CPU
		{C5F6BCE5-C8B0-4AC1-9FAE-DA10A641D023}.Release|Any CPU.Build.0 = Release|Any CPU
		{C55AD970-9BD8-49CF-9596-1055960955F4}.Debug|Any CPU.ActiveCfg = Debug|Any CPU
		{C55AD970-9BD8-49CF-9596-1055960955F4}.Debug|Any CPU.Build.0 = Debug|Any CPU
		{C55AD970-9BD8-49CF-9596-1055960955F4}.Release|Any CPU.ActiveCfg = Release|Any CPU
		{C55AD970-9BD8-49CF-9596-1055960955F4}.Release|Any CPU.Build.0 = Release|Any CPU
		{5BCFB5C4-E1A5-447C-BFE8-3FCE0437329B}.Debug|Any CPU.ActiveCfg = Debug|Any CPU
		{5BCFB5C4-E1A5-447C-BFE8-3FCE0437329B}.Debug|Any CPU.Build.0 = Debug|Any CPU
		{5BCFB5C4-E1A5-447C-BFE8-3FCE0437329B}.Release|Any CPU.ActiveCfg = Release|Any CPU
		{5BCFB5C4-E1A5-447C-BFE8-3FCE0437329B}.Release|Any CPU.Build.0 = Release|Any CPU
		{D0CCAA00-96B4-460D-8EA9-1FDF8303F9A7}.Debug|Any CPU.ActiveCfg = Debug|Any CPU
		{D0CCAA00-96B4-460D-8EA9-1FDF8303F9A7}.Debug|Any CPU.Build.0 = Debug|Any CPU
		{D0CCAA00-96B4-460D-8EA9-1FDF8303F9A7}.Release|Any CPU.ActiveCfg = Release|Any CPU
		{D0CCAA00-96B4-460D-8EA9-1FDF8303F9A7}.Release|Any CPU.Build.0 = Release|Any CPU
		{C3D8CA23-6B6E-4FB8-A55A-EBC8F682872C}.Debug|Any CPU.ActiveCfg = Debug|Any CPU
		{C3D8CA23-6B6E-4FB8-A55A-EBC8F682872C}.Debug|Any CPU.Build.0 = Debug|Any CPU
		{C3D8CA23-6B6E-4FB8-A55A-EBC8F682872C}.Release|Any CPU.ActiveCfg = Release|Any CPU
		{C3D8CA23-6B6E-4FB8-A55A-EBC8F682872C}.Release|Any CPU.Build.0 = Release|Any CPU
		{4A9A5517-ED7B-4B95-B7F5-2705D733B5B5}.Debug|Any CPU.ActiveCfg = Debug|Any CPU
		{4A9A5517-ED7B-4B95-B7F5-2705D733B5B5}.Debug|Any CPU.Build.0 = Debug|Any CPU
		{4A9A5517-ED7B-4B95-B7F5-2705D733B5B5}.Release|Any CPU.ActiveCfg = Release|Any CPU
		{4A9A5517-ED7B-4B95-B7F5-2705D733B5B5}.Release|Any CPU.Build.0 = Release|Any CPU
		{9C93D885-FFB0-4D26-9113-8A66A7BBE7C1}.Debug|Any CPU.ActiveCfg = Debug|Any CPU
		{9C93D885-FFB0-4D26-9113-8A66A7BBE7C1}.Debug|Any CPU.Build.0 = Debug|Any CPU
		{9C93D885-FFB0-4D26-9113-8A66A7BBE7C1}.Release|Any CPU.ActiveCfg = Release|Any CPU
		{9C93D885-FFB0-4D26-9113-8A66A7BBE7C1}.Release|Any CPU.Build.0 = Release|Any CPU
		{FA76211F-7C57-4C62-8DA0-D41AD783340B}.Debug|Any CPU.ActiveCfg = Debug|Any CPU
		{FA76211F-7C57-4C62-8DA0-D41AD783340B}.Debug|Any CPU.Build.0 = Debug|Any CPU
		{FA76211F-7C57-4C62-8DA0-D41AD783340B}.Release|Any CPU.ActiveCfg = Release|Any CPU
		{FA76211F-7C57-4C62-8DA0-D41AD783340B}.Release|Any CPU.Build.0 = Release|Any CPU
		{7E745794-834F-4C76-8E87-AE4941AB2162}.Debug|Any CPU.ActiveCfg = Debug|Any CPU
		{7E745794-834F-4C76-8E87-AE4941AB2162}.Debug|Any CPU.Build.0 = Debug|Any CPU
		{7E745794-834F-4C76-8E87-AE4941AB2162}.Release|Any CPU.ActiveCfg = Release|Any CPU
		{7E745794-834F-4C76-8E87-AE4941AB2162}.Release|Any CPU.Build.0 = Release|Any CPU
		{F4353FCC-20B9-4F95-8DE0-26546D271903}.Debug|Any CPU.ActiveCfg = Debug|Any CPU
		{F4353FCC-20B9-4F95-8DE0-26546D271903}.Debug|Any CPU.Build.0 = Debug|Any CPU
		{F4353FCC-20B9-4F95-8DE0-26546D271903}.Release|Any CPU.ActiveCfg = Release|Any CPU
		{F4353FCC-20B9-4F95-8DE0-26546D271903}.Release|Any CPU.Build.0 = Release|Any CPU
		{BE0DD3D3-9604-4F2E-9E80-757BBF459CEB}.Debug|Any CPU.ActiveCfg = Debug|Any CPU
		{BE0DD3D3-9604-4F2E-9E80-757BBF459CEB}.Debug|Any CPU.Build.0 = Debug|Any CPU
		{BE0DD3D3-9604-4F2E-9E80-757BBF459CEB}.Release|Any CPU.ActiveCfg = Release|Any CPU
		{BE0DD3D3-9604-4F2E-9E80-757BBF459CEB}.Release|Any CPU.Build.0 = Release|Any CPU
		{B9362545-79ED-4AFE-90BB-CC699421C66B}.Debug|Any CPU.ActiveCfg = Debug|Any CPU
		{B9362545-79ED-4AFE-90BB-CC699421C66B}.Debug|Any CPU.Build.0 = Debug|Any CPU
		{B9362545-79ED-4AFE-90BB-CC699421C66B}.Release|Any CPU.ActiveCfg = Release|Any CPU
		{B9362545-79ED-4AFE-90BB-CC699421C66B}.Release|Any CPU.Build.0 = Release|Any CPU
		{2EEF5CE8-8F4F-4F50-87C4-4A4D68535C04}.Debug|Any CPU.ActiveCfg = Debug|Any CPU
		{2EEF5CE8-8F4F-4F50-87C4-4A4D68535C04}.Debug|Any CPU.Build.0 = Debug|Any CPU
		{2EEF5CE8-8F4F-4F50-87C4-4A4D68535C04}.Release|Any CPU.ActiveCfg = Release|Any CPU
		{2EEF5CE8-8F4F-4F50-87C4-4A4D68535C04}.Release|Any CPU.Build.0 = Release|Any CPU
		{1AA90C87-20B3-43B2-B6FB-0CCD9B71D5F5}.Debug|Any CPU.ActiveCfg = Debug|Any CPU
		{1AA90C87-20B3-43B2-B6FB-0CCD9B71D5F5}.Debug|Any CPU.Build.0 = Debug|Any CPU
		{1AA90C87-20B3-43B2-B6FB-0CCD9B71D5F5}.Release|Any CPU.ActiveCfg = Release|Any CPU
		{1AA90C87-20B3-43B2-B6FB-0CCD9B71D5F5}.Release|Any CPU.Build.0 = Release|Any CPU
	EndGlobalSection
	GlobalSection(SolutionProperties) = preSolution
		HideSolutionNode = FALSE
	EndGlobalSection
	GlobalSection(NestedProjects) = preSolution
		{94579EBD-D4E4-4705-B94C-EDAEA0D8F9FA} = {52CE058D-B93B-4418-A812-8C93AFDADB0B}
		{63093454-BF56-4243-A5A4-0438BA1A8F5D} = {52CE058D-B93B-4418-A812-8C93AFDADB0B}
		{0D3C339F-7BC7-4C18-9BA7-087E50F5F78E} = {52CE058D-B93B-4418-A812-8C93AFDADB0B}
		{81EE8FBE-8C85-40D9-9157-45CAA37747D6} = {52CE058D-B93B-4418-A812-8C93AFDADB0B}
		{C814DED1-A0FB-4518-BB95-AA6998E3E857} = {52CE058D-B93B-4418-A812-8C93AFDADB0B}
		{5EAAE068-1BCD-4B27-8608-CDFC17A7958F} = {269C4561-D120-4A14-985C-B2A7D2CB9620}
		{C5F6BCE5-C8B0-4AC1-9FAE-DA10A641D023} = {5EAAE068-1BCD-4B27-8608-CDFC17A7958F}
		{C55AD970-9BD8-49CF-9596-1055960955F4} = {5EAAE068-1BCD-4B27-8608-CDFC17A7958F}
		{5BCFB5C4-E1A5-447C-BFE8-3FCE0437329B} = {5EAAE068-1BCD-4B27-8608-CDFC17A7958F}
		{D0CCAA00-96B4-460D-8EA9-1FDF8303F9A7} = {5EAAE068-1BCD-4B27-8608-CDFC17A7958F}
		{C3D8CA23-6B6E-4FB8-A55A-EBC8F682872C} = {5EAAE068-1BCD-4B27-8608-CDFC17A7958F}
		{4A9A5517-ED7B-4B95-B7F5-2705D733B5B5} = {5EAAE068-1BCD-4B27-8608-CDFC17A7958F}
		{9C93D885-FFB0-4D26-9113-8A66A7BBE7C1} = {5EAAE068-1BCD-4B27-8608-CDFC17A7958F}
		{FA76211F-7C57-4C62-8DA0-D41AD783340B} = {19B6D92B-087B-4DA6-9C28-07B331004F85}
		{19B6D92B-087B-4DA6-9C28-07B331004F85} = {269C4561-D120-4A14-985C-B2A7D2CB9620}
		{7E745794-834F-4C76-8E87-AE4941AB2162} = {19B6D92B-087B-4DA6-9C28-07B331004F85}
		{F4353FCC-20B9-4F95-8DE0-26546D271903} = {19B6D92B-087B-4DA6-9C28-07B331004F85}
		{BE0DD3D3-9604-4F2E-9E80-757BBF459CEB} = {19B6D92B-087B-4DA6-9C28-07B331004F85}
		{B9362545-79ED-4AFE-90BB-CC699421C66B} = {19B6D92B-087B-4DA6-9C28-07B331004F85}
		{2EEF5CE8-8F4F-4F50-87C4-4A4D68535C04} = {19B6D92B-087B-4DA6-9C28-07B331004F85}
		{1AA90C87-20B3-43B2-B6FB-0CCD9B71D5F5} = {19B6D92B-087B-4DA6-9C28-07B331004F85}
	EndGlobalSection
	GlobalSection(ExtensibilityGlobals) = postSolution
		SolutionGuid = {BF1917F4-0E4D-446C-BC60-BB2F0B73B84F}
	EndGlobalSection
EndGlobal
